
Microsoft Visual Studio Solution File, Format Version 12.00
# Visual Studio 15
VisualStudioVersion = 15.0.27004.2002
MinimumVisualStudioVersion = 10.0.40219.1
Project("{8BC9CEB8-8B4A-11D0-8D11-00A0C91BC942}") = "stable_matching", "stable_matching\stable_matching.vcxproj", "{046D000C-D1AB-489C-AE3A-6554C0D954ED}"
EndProject
Project("{8BC9CEB8-8B4A-11D0-8D11-00A0C91BC942}") = "multiplication", "multiplication\multiplication.vcxproj", "{ADFD7A9A-ADAA-4543-9B89-A5F3BA0A62F5}"
EndProject
Project("{8BC9CEB8-8B4A-11D0-8D11-00A0C91BC942}") = "ass2_ques4", "ass2_ques4\ass2_ques4.vcxproj", "{9CCD4C4E-9A40-47C1-B4FC-37C7BA87AE95}"
EndProject
Project("{8BC9CEB8-8B4A-11D0-8D11-00A0C91BC942}") = "ass2_ques5", "ass2_ques5\ass2_ques5.vcxproj", "{6672D4CA-D3BE-4142-919C-3CA0E820AB7D}"
EndProject
Project("{8BC9CEB8-8B4A-11D0-8D11-00A0C91BC942}") = "ass3_ques1", "ass3_ques1\ass3_ques1.vcxproj", "{E3F00F20-B3B6-44EC-A43A-31ECA7CB7DE6}"
EndProject
Project("{8BC9CEB8-8B4A-11D0-8D11-00A0C91BC942}") = "ass3_ques3", "ass3_ques3\ass3_ques3.vcxproj", "{B7629CDB-046D-46D4-8C71-5EA551580139}"
EndProject
Project("{8BC9CEB8-8B4A-11D0-8D11-00A0C91BC942}") = "ass3_ques4", "ass3_ques4\ass3_ques4.vcxproj", "{B9FD08C3-992A-4D91-B9D6-EAE32044E7C6}"
EndProject
Project("{8BC9CEB8-8B4A-11D0-8D11-00A0C91BC942}") = "ass3_ques2", "ass3_ques2\ass3_ques2.vcxproj", "{191F9A84-B075-4F61-84F4-97B31679502B}"
EndProject
Project("{8BC9CEB8-8B4A-11D0-8D11-00A0C91BC942}") = "ass3_ques6", "ass3_ques6\ass3_ques6.vcxproj", "{98C71B98-777A-4E91-ADAB-712A6A8B7E90}"
EndProject
Project("{8BC9CEB8-8B4A-11D0-8D11-00A0C91BC942}") = "ass3_ques6_2", "ass3_ques6_2\ass3_ques6_2.vcxproj", "{2DDC42EB-5FE1-495B-A523-4AEB32767ED1}"
EndProject
Project("{8BC9CEB8-8B4A-11D0-8D11-00A0C91BC942}") = "sample_ques1", "sample_ques1\sample_ques1.vcxproj", "{055F270A-27EC-4373-9D2C-1FFE16FB870E}"
EndProject
Project("{8BC9CEB8-8B4A-11D0-8D11-00A0C91BC942}") = "frog_flies", "frog_flies\frog_flies.vcxproj", "{0BF01EB6-D319-48C5-937E-53E7D08DEEB6}"
EndProject
Project("{8BC9CEB8-8B4A-11D0-8D11-00A0C91BC942}") = "stick_cut", "stick_cut\stick_cut.vcxproj", "{AB5E9C8C-5D40-4A81-98BB-845576B144F3}"
EndProject
Project("{8BC9CEB8-8B4A-11D0-8D11-00A0C91BC942}") = "operator_max", "operator_max\operator_max.vcxproj", "{83109B8C-4C6F-4104-9CEE-FFB1DF675981}"
EndProject
Global
	GlobalSection(SolutionConfigurationPlatforms) = preSolution
		Debug|Any CPU = Debug|Any CPU
		Debug|ARM = Debug|ARM
		Debug|x64 = Debug|x64
		Debug|x86 = Debug|x86
		Release|Any CPU = Release|Any CPU
		Release|ARM = Release|ARM
		Release|x64 = Release|x64
		Release|x86 = Release|x86
	EndGlobalSection
	GlobalSection(ProjectConfigurationPlatforms) = postSolution
		{046D000C-D1AB-489C-AE3A-6554C0D954ED}.Debug|Any CPU.ActiveCfg = Debug|Win32
		{046D000C-D1AB-489C-AE3A-6554C0D954ED}.Debug|ARM.ActiveCfg = Debug|Win32
		{046D000C-D1AB-489C-AE3A-6554C0D954ED}.Debug|x64.ActiveCfg = Debug|x64
		{046D000C-D1AB-489C-AE3A-6554C0D954ED}.Debug|x64.Build.0 = Debug|x64
		{046D000C-D1AB-489C-AE3A-6554C0D954ED}.Debug|x86.ActiveCfg = Debug|Win32
		{046D000C-D1AB-489C-AE3A-6554C0D954ED}.Debug|x86.Build.0 = Debug|Win32
		{046D000C-D1AB-489C-AE3A-6554C0D954ED}.Release|Any CPU.ActiveCfg = Release|Win32
		{046D000C-D1AB-489C-AE3A-6554C0D954ED}.Release|ARM.ActiveCfg = Release|Win32
		{046D000C-D1AB-489C-AE3A-6554C0D954ED}.Release|x64.ActiveCfg = Release|x64
		{046D000C-D1AB-489C-AE3A-6554C0D954ED}.Release|x64.Build.0 = Release|x64
		{046D000C-D1AB-489C-AE3A-6554C0D954ED}.Release|x86.ActiveCfg = Release|Win32
		{046D000C-D1AB-489C-AE3A-6554C0D954ED}.Release|x86.Build.0 = Release|Win32
		{ADFD7A9A-ADAA-4543-9B89-A5F3BA0A62F5}.Debug|Any CPU.ActiveCfg = Debug|Win32
		{ADFD7A9A-ADAA-4543-9B89-A5F3BA0A62F5}.Debug|ARM.ActiveCfg = Debug|Win32
		{ADFD7A9A-ADAA-4543-9B89-A5F3BA0A62F5}.Debug|x64.ActiveCfg = Debug|x64
		{ADFD7A9A-ADAA-4543-9B89-A5F3BA0A62F5}.Debug|x64.Build.0 = Debug|x64
		{ADFD7A9A-ADAA-4543-9B89-A5F3BA0A62F5}.Debug|x86.ActiveCfg = Debug|Win32
		{ADFD7A9A-ADAA-4543-9B89-A5F3BA0A62F5}.Debug|x86.Build.0 = Debug|Win32
		{ADFD7A9A-ADAA-4543-9B89-A5F3BA0A62F5}.Release|Any CPU.ActiveCfg = Release|Win32
		{ADFD7A9A-ADAA-4543-9B89-A5F3BA0A62F5}.Release|ARM.ActiveCfg = Release|Win32
		{ADFD7A9A-ADAA-4543-9B89-A5F3BA0A62F5}.Release|x64.ActiveCfg = Release|x64
		{ADFD7A9A-ADAA-4543-9B89-A5F3BA0A62F5}.Release|x64.Build.0 = Release|x64
		{ADFD7A9A-ADAA-4543-9B89-A5F3BA0A62F5}.Release|x86.ActiveCfg = Release|Win32
		{ADFD7A9A-ADAA-4543-9B89-A5F3BA0A62F5}.Release|x86.Build.0 = Release|Win32
		{9CCD4C4E-9A40-47C1-B4FC-37C7BA87AE95}.Debug|Any CPU.ActiveCfg = Debug|Win32
		{9CCD4C4E-9A40-47C1-B4FC-37C7BA87AE95}.Debug|ARM.ActiveCfg = Debug|Win32
		{9CCD4C4E-9A40-47C1-B4FC-37C7BA87AE95}.Debug|x64.ActiveCfg = Debug|x64
		{9CCD4C4E-9A40-47C1-B4FC-37C7BA87AE95}.Debug|x64.Build.0 = Debug|x64
		{9CCD4C4E-9A40-47C1-B4FC-37C7BA87AE95}.Debug|x86.ActiveCfg = Debug|Win32
		{9CCD4C4E-9A40-47C1-B4FC-37C7BA87AE95}.Debug|x86.Build.0 = Debug|Win32
		{9CCD4C4E-9A40-47C1-B4FC-37C7BA87AE95}.Release|Any CPU.ActiveCfg = Release|Win32
		{9CCD4C4E-9A40-47C1-B4FC-37C7BA87AE95}.Release|ARM.ActiveCfg = Release|Win32
		{9CCD4C4E-9A40-47C1-B4FC-37C7BA87AE95}.Release|x64.ActiveCfg = Release|x64
		{9CCD4C4E-9A40-47C1-B4FC-37C7BA87AE95}.Release|x64.Build.0 = Release|x64
		{9CCD4C4E-9A40-47C1-B4FC-37C7BA87AE95}.Release|x86.ActiveCfg = Release|Win32
		{9CCD4C4E-9A40-47C1-B4FC-37C7BA87AE95}.Release|x86.Build.0 = Release|Win32
		{6672D4CA-D3BE-4142-919C-3CA0E820AB7D}.Debug|Any CPU.ActiveCfg = Debug|Win32
		{6672D4CA-D3BE-4142-919C-3CA0E820AB7D}.Debug|ARM.ActiveCfg = Debug|Win32
		{6672D4CA-D3BE-4142-919C-3CA0E820AB7D}.Debug|x64.ActiveCfg = Debug|x64
		{6672D4CA-D3BE-4142-919C-3CA0E820AB7D}.Debug|x64.Build.0 = Debug|x64
		{6672D4CA-D3BE-4142-919C-3CA0E820AB7D}.Debug|x86.ActiveCfg = Debug|Win32
		{6672D4CA-D3BE-4142-919C-3CA0E820AB7D}.Debug|x86.Build.0 = Debug|Win32
		{6672D4CA-D3BE-4142-919C-3CA0E820AB7D}.Release|Any CPU.ActiveCfg = Release|Win32
		{6672D4CA-D3BE-4142-919C-3CA0E820AB7D}.Release|ARM.ActiveCfg = Release|Win32
		{6672D4CA-D3BE-4142-919C-3CA0E820AB7D}.Release|x64.ActiveCfg = Release|x64
		{6672D4CA-D3BE-4142-919C-3CA0E820AB7D}.Release|x64.Build.0 = Release|x64
		{6672D4CA-D3BE-4142-919C-3CA0E820AB7D}.Release|x86.ActiveCfg = Release|Win32
		{6672D4CA-D3BE-4142-919C-3CA0E820AB7D}.Release|x86.Build.0 = Release|Win32
		{E3F00F20-B3B6-44EC-A43A-31ECA7CB7DE6}.Debug|Any CPU.ActiveCfg = Debug|Win32
		{E3F00F20-B3B6-44EC-A43A-31ECA7CB7DE6}.Debug|ARM.ActiveCfg = Debug|Win32
		{E3F00F20-B3B6-44EC-A43A-31ECA7CB7DE6}.Debug|x64.ActiveCfg = Debug|x64
		{E3F00F20-B3B6-44EC-A43A-31ECA7CB7DE6}.Debug|x64.Build.0 = Debug|x64
		{E3F00F20-B3B6-44EC-A43A-31ECA7CB7DE6}.Debug|x86.ActiveCfg = Debug|Win32
		{E3F00F20-B3B6-44EC-A43A-31ECA7CB7DE6}.Debug|x86.Build.0 = Debug|Win32
		{E3F00F20-B3B6-44EC-A43A-31ECA7CB7DE6}.Release|Any CPU.ActiveCfg = Release|Win32
		{E3F00F20-B3B6-44EC-A43A-31ECA7CB7DE6}.Release|ARM.ActiveCfg = Release|Win32
		{E3F00F20-B3B6-44EC-A43A-31ECA7CB7DE6}.Release|x64.ActiveCfg = Release|x64
		{E3F00F20-B3B6-44EC-A43A-31ECA7CB7DE6}.Release|x64.Build.0 = Release|x64
		{E3F00F20-B3B6-44EC-A43A-31ECA7CB7DE6}.Release|x86.ActiveCfg = Release|Win32
		{E3F00F20-B3B6-44EC-A43A-31ECA7CB7DE6}.Release|x86.Build.0 = Release|Win32
		{B7629CDB-046D-46D4-8C71-5EA551580139}.Debug|Any CPU.ActiveCfg = Debug|Win32
		{B7629CDB-046D-46D4-8C71-5EA551580139}.Debug|ARM.ActiveCfg = Debug|Win32
		{B7629CDB-046D-46D4-8C71-5EA551580139}.Debug|x64.ActiveCfg = Debug|x64
		{B7629CDB-046D-46D4-8C71-5EA551580139}.Debug|x64.Build.0 = Debug|x64
		{B7629CDB-046D-46D4-8C71-5EA551580139}.Debug|x86.ActiveCfg = Debug|Win32
		{B7629CDB-046D-46D4-8C71-5EA551580139}.Debug|x86.Build.0 = Debug|Win32
		{B7629CDB-046D-46D4-8C71-5EA551580139}.Release|Any CPU.ActiveCfg = Release|Win32
		{B7629CDB-046D-46D4-8C71-5EA551580139}.Release|ARM.ActiveCfg = Release|Win32
		{B7629CDB-046D-46D4-8C71-5EA551580139}.Release|x64.ActiveCfg = Release|x64
		{B7629CDB-046D-46D4-8C71-5EA551580139}.Release|x64.Build.0 = Release|x64
		{B7629CDB-046D-46D4-8C71-5EA551580139}.Release|x86.ActiveCfg = Release|Win32
		{B7629CDB-046D-46D4-8C71-5EA551580139}.Release|x86.Build.0 = Release|Win32
		{B9FD08C3-992A-4D91-B9D6-EAE32044E7C6}.Debug|Any CPU.ActiveCfg = Debug|Win32
		{B9FD08C3-992A-4D91-B9D6-EAE32044E7C6}.Debug|ARM.ActiveCfg = Debug|Win32
		{B9FD08C3-992A-4D91-B9D6-EAE32044E7C6}.Debug|x64.ActiveCfg = Debug|x64
		{B9FD08C3-992A-4D91-B9D6-EAE32044E7C6}.Debug|x64.Build.0 = Debug|x64
		{B9FD08C3-992A-4D91-B9D6-EAE32044E7C6}.Debug|x86.ActiveCfg = Debug|Win32
		{B9FD08C3-992A-4D91-B9D6-EAE32044E7C6}.Debug|x86.Build.0 = Debug|Win32
		{B9FD08C3-992A-4D91-B9D6-EAE32044E7C6}.Release|Any CPU.ActiveCfg = Release|Win32
		{B9FD08C3-992A-4D91-B9D6-EAE32044E7C6}.Release|ARM.ActiveCfg = Release|Win32
		{B9FD08C3-992A-4D91-B9D6-EAE32044E7C6}.Release|x64.ActiveCfg = Release|x64
		{B9FD08C3-992A-4D91-B9D6-EAE32044E7C6}.Release|x64.Build.0 = Release|x64
		{B9FD08C3-992A-4D91-B9D6-EAE32044E7C6}.Release|x86.ActiveCfg = Release|Win32
		{B9FD08C3-992A-4D91-B9D6-EAE32044E7C6}.Release|x86.Build.0 = Release|Win32
		{191F9A84-B075-4F61-84F4-97B31679502B}.Debug|Any CPU.ActiveCfg = Debug|Win32
		{191F9A84-B075-4F61-84F4-97B31679502B}.Debug|ARM.ActiveCfg = Debug|Win32
		{191F9A84-B075-4F61-84F4-97B31679502B}.Debug|x64.ActiveCfg = Debug|x64
		{191F9A84-B075-4F61-84F4-97B31679502B}.Debug|x64.Build.0 = Debug|x64
		{191F9A84-B075-4F61-84F4-97B31679502B}.Debug|x86.ActiveCfg = Debug|Win32
		{191F9A84-B075-4F61-84F4-97B31679502B}.Debug|x86.Build.0 = Debug|Win32
		{191F9A84-B075-4F61-84F4-97B31679502B}.Release|Any CPU.ActiveCfg = Release|Win32
		{191F9A84-B075-4F61-84F4-97B31679502B}.Release|ARM.ActiveCfg = Release|Win32
		{191F9A84-B075-4F61-84F4-97B31679502B}.Release|x64.ActiveCfg = Release|x64
		{191F9A84-B075-4F61-84F4-97B31679502B}.Release|x64.Build.0 = Release|x64
		{191F9A84-B075-4F61-84F4-97B31679502B}.Release|x86.ActiveCfg = Release|Win32
		{191F9A84-B075-4F61-84F4-97B31679502B}.Release|x86.Build.0 = Release|Win32
		{98C71B98-777A-4E91-ADAB-712A6A8B7E90}.Debug|Any CPU.ActiveCfg = Debug|Win32
		{98C71B98-777A-4E91-ADAB-712A6A8B7E90}.Debug|ARM.ActiveCfg = Debug|Win32
		{98C71B98-777A-4E91-ADAB-712A6A8B7E90}.Debug|x64.ActiveCfg = Debug|x64
		{98C71B98-777A-4E91-ADAB-712A6A8B7E90}.Debug|x64.Build.0 = Debug|x64
		{98C71B98-777A-4E91-ADAB-712A6A8B7E90}.Debug|x86.ActiveCfg = Debug|Win32
		{98C71B98-777A-4E91-ADAB-712A6A8B7E90}.Debug|x86.Build.0 = Debug|Win32
		{98C71B98-777A-4E91-ADAB-712A6A8B7E90}.Release|Any CPU.ActiveCfg = Release|Win32
		{98C71B98-777A-4E91-ADAB-712A6A8B7E90}.Release|ARM.ActiveCfg = Release|Win32
		{98C71B98-777A-4E91-ADAB-712A6A8B7E90}.Release|x64.ActiveCfg = Release|x64
		{98C71B98-777A-4E91-ADAB-712A6A8B7E90}.Release|x64.Build.0 = Release|x64
		{98C71B98-777A-4E91-ADAB-712A6A8B7E90}.Release|x86.ActiveCfg = Release|Win32
		{98C71B98-777A-4E91-ADAB-712A6A8B7E90}.Release|x86.Build.0 = Release|Win32
		{2DDC42EB-5FE1-495B-A523-4AEB32767ED1}.Debug|Any CPU.ActiveCfg = Debug|Win32
		{2DDC42EB-5FE1-495B-A523-4AEB32767ED1}.Debug|ARM.ActiveCfg = Debug|Win32
		{2DDC42EB-5FE1-495B-A523-4AEB32767ED1}.Debug|x64.ActiveCfg = Debug|x64
		{2DDC42EB-5FE1-495B-A523-4AEB32767ED1}.Debug|x64.Build.0 = Debug|x64
		{2DDC42EB-5FE1-495B-A523-4AEB32767ED1}.Debug|x86.ActiveCfg = Debug|Win32
		{2DDC42EB-5FE1-495B-A523-4AEB32767ED1}.Debug|x86.Build.0 = Debug|Win32
		{2DDC42EB-5FE1-495B-A523-4AEB32767ED1}.Release|Any CPU.ActiveCfg = Release|Win32
		{2DDC42EB-5FE1-495B-A523-4AEB32767ED1}.Release|ARM.ActiveCfg = Release|Win32
		{2DDC42EB-5FE1-495B-A523-4AEB32767ED1}.Release|x64.ActiveCfg = Release|x64
		{2DDC42EB-5FE1-495B-A523-4AEB32767ED1}.Release|x64.Build.0 = Release|x64
		{2DDC42EB-5FE1-495B-A523-4AEB32767ED1}.Release|x86.ActiveCfg = Release|Win32
		{2DDC42EB-5FE1-495B-A523-4AEB32767ED1}.Release|x86.Build.0 = Release|Win32
		{055F270A-27EC-4373-9D2C-1FFE16FB870E}.Debug|Any CPU.ActiveCfg = Debug|Win32
		{055F270A-27EC-4373-9D2C-1FFE16FB870E}.Debug|ARM.ActiveCfg = Debug|Win32
		{055F270A-27EC-4373-9D2C-1FFE16FB870E}.Debug|x64.ActiveCfg = Debug|x64
		{055F270A-27EC-4373-9D2C-1FFE16FB870E}.Debug|x64.Build.0 = Debug|x64
		{055F270A-27EC-4373-9D2C-1FFE16FB870E}.Debug|x86.ActiveCfg = Debug|Win32
		{055F270A-27EC-4373-9D2C-1FFE16FB870E}.Debug|x86.Build.0 = Debug|Win32
		{055F270A-27EC-4373-9D2C-1FFE16FB870E}.Release|Any CPU.ActiveCfg = Release|Win32
		{055F270A-27EC-4373-9D2C-1FFE16FB870E}.Release|ARM.ActiveCfg = Release|Win32
		{055F270A-27EC-4373-9D2C-1FFE16FB870E}.Release|x64.ActiveCfg = Release|x64
		{055F270A-27EC-4373-9D2C-1FFE16FB870E}.Release|x64.Build.0 = Release|x64
		{055F270A-27EC-4373-9D2C-1FFE16FB870E}.Release|x86.ActiveCfg = Release|Win32
		{055F270A-27EC-4373-9D2C-1FFE16FB870E}.Release|x86.Build.0 = Release|Win32
		{0BF01EB6-D319-48C5-937E-53E7D08DEEB6}.Debug|Any CPU.ActiveCfg = Debug|Win32
		{0BF01EB6-D319-48C5-937E-53E7D08DEEB6}.Debug|ARM.ActiveCfg = Debug|Win32
		{0BF01EB6-D319-48C5-937E-53E7D08DEEB6}.Debug|x64.ActiveCfg = Debug|x64
		{0BF01EB6-D319-48C5-937E-53E7D08DEEB6}.Debug|x64.Build.0 = Debug|x64
		{0BF01EB6-D319-48C5-937E-53E7D08DEEB6}.Debug|x86.ActiveCfg = Debug|Win32
		{0BF01EB6-D319-48C5-937E-53E7D08DEEB6}.Debug|x86.Build.0 = Debug|Win32
		{0BF01EB6-D319-48C5-937E-53E7D08DEEB6}.Release|Any CPU.ActiveCfg = Release|Win32
		{0BF01EB6-D319-48C5-937E-53E7D08DEEB6}.Release|ARM.ActiveCfg = Release|Win32
		{0BF01EB6-D319-48C5-937E-53E7D08DEEB6}.Release|x64.ActiveCfg = Release|x64
		{0BF01EB6-D319-48C5-937E-53E7D08DEEB6}.Release|x64.Build.0 = Release|x64
		{0BF01EB6-D319-48C5-937E-53E7D08DEEB6}.Release|x86.ActiveCfg = Release|Win32
		{0BF01EB6-D319-48C5-937E-53E7D08DEEB6}.Release|x86.Build.0 = Release|Win32
		{AB5E9C8C-5D40-4A81-98BB-845576B144F3}.Debug|Any CPU.ActiveCfg = Debug|Win32
		{AB5E9C8C-5D40-4A81-98BB-845576B144F3}.Debug|ARM.ActiveCfg = Debug|Win32
		{AB5E9C8C-5D40-4A81-98BB-845576B144F3}.Debug|x64.ActiveCfg = Debug|x64
		{AB5E9C8C-5D40-4A81-98BB-845576B144F3}.Debug|x64.Build.0 = Debug|x64
		{AB5E9C8C-5D40-4A81-98BB-845576B144F3}.Debug|x86.ActiveCfg = Debug|Win32
		{AB5E9C8C-5D40-4A81-98BB-845576B144F3}.Debug|x86.Build.0 = Debug|Win32
		{AB5E9C8C-5D40-4A81-98BB-845576B144F3}.Release|Any CPU.ActiveCfg = Release|Win32
		{AB5E9C8C-5D40-4A81-98BB-845576B144F3}.Release|ARM.ActiveCfg = Release|Win32
		{AB5E9C8C-5D40-4A81-98BB-845576B144F3}.Release|x64.ActiveCfg = Release|x64
		{AB5E9C8C-5D40-4A81-98BB-845576B144F3}.Release|x64.Build.0 = Release|x64
		{AB5E9C8C-5D40-4A81-98BB-845576B144F3}.Release|x86.ActiveCfg = Release|Win32
		{AB5E9C8C-5D40-4A81-98BB-845576B144F3}.Release|x86.Build.0 = Release|Win32
		{83109B8C-4C6F-4104-9CEE-FFB1DF675981}.Debug|Any CPU.ActiveCfg = Debug|Win32
		{83109B8C-4C6F-4104-9CEE-FFB1DF675981}.Debug|ARM.ActiveCfg = Debug|Win32
		{83109B8C-4C6F-4104-9CEE-FFB1DF675981}.Debug|x64.ActiveCfg = Debug|x64
		{83109B8C-4C6F-4104-9CEE-FFB1DF675981}.Debug|x64.Build.0 = Debug|x64
		{83109B8C-4C6F-4104-9CEE-FFB1DF675981}.Debug|x86.ActiveCfg = Debug|Win32
		{83109B8C-4C6F-4104-9CEE-FFB1DF675981}.Debug|x86.Build.0 = Debug|Win32
		{83109B8C-4C6F-4104-9CEE-FFB1DF675981}.Release|Any CPU.ActiveCfg = Release|Win32
		{83109B8C-4C6F-4104-9CEE-FFB1DF675981}.Release|ARM.ActiveCfg = Release|Win32
		{83109B8C-4C6F-4104-9CEE-FFB1DF675981}.Release|x64.ActiveCfg = Release|x64
		{83109B8C-4C6F-4104-9CEE-FFB1DF675981}.Release|x64.Build.0 = Release|x64
		{83109B8C-4C6F-4104-9CEE-FFB1DF675981}.Release|x86.ActiveCfg = Release|Win32
		{83109B8C-4C6F-4104-9CEE-FFB1DF675981}.Release|x86.Build.0 = Release|Win32
	EndGlobalSection
	GlobalSection(SolutionProperties) = preSolution
		HideSolutionNode = FALSE
	EndGlobalSection
	GlobalSection(ExtensibilityGlobals) = postSolution
		SolutionGuid = {9910F5D7-9D49-4090-B140-9BAD5869C390}
	EndGlobalSection
EndGlobal
